
Microsoft Visual Studio Solution File, Format Version 12.00
# Visual Studio Version 16
VisualStudioVersion = 16.0.30204.135
MinimumVisualStudioVersion = 10.0.40219.1
Project("{FAE04EC0-301F-11D3-BF4B-00C04F79EFBC}") = "AuthGuard.NET Example", "AuthGuard.net Example\AuthGuard.NET Example.csproj", "{5A5F1D36-EC68-487F-97B7-38C442F9FEE5}"
EndProject
Global
	GlobalSection(SolutionConfigurationPlatforms) = preSolution
		Debug|Any CPU = Debug|Any CPU
		Release|Any CPU = Release|Any CPU
	EndGlobalSection
	GlobalSection(ProjectConfigurationPlatforms) = postSolution
		{5A5F1D36-EC68-487F-97B7-38C442F9FEE5}.Debug|Any CPU.ActiveCfg = Debug|Any CPU
		{5A5F1D36-EC68-487F-97B7-38C442F9FEE5}.Debug|Any CPU.Build.0 = Debug|Any CPU
		{5A5F1D36-EC68-487F-97B7-38C442F9FEE5}.Release|Any CPU.ActiveCfg = Release|Any CPU
		{5A5F1D36-EC68-487F-97B7-38C442F9FEE5}.Release|Any CPU.Build.0 = Release|Any CPU
	EndGlobalSection
	GlobalSection(SolutionProperties) = preSolution
		HideSolutionNode = FALSE
	EndGlobalSection
	GlobalSection(ExtensibilityGlobals) = postSolution
		SolutionGuid = {ECE78CB8-B751-4E8A-9618-555BBD7575D4}
	EndGlobalSection
EndGlobal
